
Microsoft Visual Studio Solution File, Format Version 12.00
# Visual Studio Version 16
VisualStudioVersion = 16.0.30413.136
MinimumVisualStudioVersion = 10.0.40219.1
Project("{FAE04EC0-301F-11D3-BF4B-00C04F79EFBC}") = "TreeNotes", "TreeNotes.csproj", "{D45E1DF3-F7AA-48DF-8953-CD62D7208AB2}"
EndProject
Global
	GlobalSection(SolutionConfigurationPlatforms) = preSolution
		Debug|Any CPU = Debug|Any CPU
		Release|Any CPU = Release|Any CPU
	EndGlobalSection
	GlobalSection(ProjectConfigurationPlatforms) = postSolution
		{D45E1DF3-F7AA-48DF-8953-CD62D7208AB2}.Debug|Any CPU.ActiveCfg = Debug|Any CPU
		{D45E1DF3-F7AA-48DF-8953-CD62D7208AB2}.Debug|Any CPU.Build.0 = Debug|Any CPU
		{D45E1DF3-F7AA-48DF-8953-CD62D7208AB2}.Release|Any CPU.ActiveCfg = Release|Any CPU
		{D45E1DF3-F7AA-48DF-8953-CD62D7208AB2}.Release|Any CPU.Build.0 = Release|Any CPU
	EndGlobalSection
	GlobalSection(SolutionProperties) = preSolution
		HideSolutionNode = FALSE
	EndGlobalSection
	GlobalSection(ExtensibilityGlobals) = postSolution
		SolutionGuid = {1513B89E-E7A9-4975-A96B-4CE68EEF0EB5}
	EndGlobalSection
EndGlobal
